// !$*UTF8*$!
{
	archiveVersion = 1;
	classes = {
	};
	objectVersion = 48;
	objects = {

/* Begin PBXBuildFile section */
		205EBBC420C242D300A1CC6B /* MineViewController.m in Sources */ = {isa = PBXBuildFile; fileRef = 205EBBC320C242D300A1CC6B /* MineViewController.m */; };
		205EBBC720C242F600A1CC6B /* ColumeViewController.m in Sources */ = {isa = PBXBuildFile; fileRef = 205EBBC620C242F600A1CC6B /* ColumeViewController.m */; };
		205EBBCA20C242FE00A1CC6B /* FindViewController.m in Sources */ = {isa = PBXBuildFile; fileRef = 205EBBC920C242FE00A1CC6B /* FindViewController.m */; };
		205EBBD320C24F2F00A1CC6B /* UIColor+FlatUI.m in Sources */ = {isa = PBXBuildFile; fileRef = 205EBBD220C24F2E00A1CC6B /* UIColor+FlatUI.m */; };
		205EBBD820C26CB000A1CC6B /* BaseNavigationViewController.m in Sources */ = {isa = PBXBuildFile; fileRef = 205EBBD720C26CB000A1CC6B /* BaseNavigationViewController.m */; };
		205EBBDB20C2710300A1CC6B /* GeekNewsViewController.m in Sources */ = {isa = PBXBuildFile; fileRef = 205EBBDA20C2710300A1CC6B /* GeekNewsViewController.m */; };
		205EBBE720C27EA800A1CC6B /* NSObject+SXRuntime.m in Sources */ = {isa = PBXBuildFile; fileRef = 205EBBDE20C27EA800A1CC6B /* NSObject+SXRuntime.m */; };
		205EBBE820C27EA800A1CC6B /* UINavigationBar+SXFixSpace.m in Sources */ = {isa = PBXBuildFile; fileRef = 205EBBE020C27EA800A1CC6B /* UINavigationBar+SXFixSpace.m */; };
		205EBBE920C27EA800A1CC6B /* UINavigationConfig.m in Sources */ = {isa = PBXBuildFile; fileRef = 205EBBE220C27EA800A1CC6B /* UINavigationConfig.m */; };
		205EBBEA20C27EA800A1CC6B /* UINavigationController+SXFixSpace.m in Sources */ = {isa = PBXBuildFile; fileRef = 205EBBE420C27EA800A1CC6B /* UINavigationController+SXFixSpace.m */; };
		205EBBEB20C27EA800A1CC6B /* UINavigationItem+SXFixSpace.m in Sources */ = {isa = PBXBuildFile; fileRef = 205EBBE620C27EA800A1CC6B /* UINavigationItem+SXFixSpace.m */; };
		207656C720C182A800F6CCD7 /* AppDelegate.m in Sources */ = {isa = PBXBuildFile; fileRef = 207656C620C182A800F6CCD7 /* AppDelegate.m */; };
		207656CA20C182A800F6CCD7 /* ViewController.m in Sources */ = {isa = PBXBuildFile; fileRef = 207656C920C182A800F6CCD7 /* ViewController.m */; };
		207656CD20C182A800F6CCD7 /* Main.storyboard in Resources */ = {isa = PBXBuildFile; fileRef = 207656CB20C182A800F6CCD7 /* Main.storyboard */; };
		207656CF20C182A800F6CCD7 /* Assets.xcassets in Resources */ = {isa = PBXBuildFile; fileRef = 207656CE20C182A800F6CCD7 /* Assets.xcassets */; };
		207656D220C182A800F6CCD7 /* LaunchScreen.storyboard in Resources */ = {isa = PBXBuildFile; fileRef = 207656D020C182A800F6CCD7 /* LaunchScreen.storyboard */; };
		207656D520C182A800F6CCD7 /* main.m in Sources */ = {isa = PBXBuildFile; fileRef = 207656D420C182A800F6CCD7 /* main.m */; };
		207656DF20C182A800F6CCD7 /* GeekTimeTests.m in Sources */ = {isa = PBXBuildFile; fileRef = 207656DE20C182A800F6CCD7 /* GeekTimeTests.m */; };
		207656EA20C182A800F6CCD7 /* GeekTimeUITests.m in Sources */ = {isa = PBXBuildFile; fileRef = 207656E920C182A800F6CCD7 /* GeekTimeUITests.m */; };
		42435FAA5862CCED67072A8E /* libPods-GeekTime.a in Frameworks */ = {isa = PBXBuildFile; fileRef = F7892A48BBC07BF2E196E052 /* libPods-GeekTime.a */; };
/* End PBXBuildFile section */

/* Begin PBXContainerItemProxy section */
		207656DB20C182A800F6CCD7 /* PBXContainerItemProxy */ = {
			isa = PBXContainerItemProxy;
			containerPortal = 207656BA20C182A800F6CCD7 /* Project object */;
			proxyType = 1;
			remoteGlobalIDString = 207656C120C182A800F6CCD7;
			remoteInfo = GeekTime;
		};
		207656E620C182A800F6CCD7 /* PBXContainerItemProxy */ = {
			isa = PBXContainerItemProxy;
			containerPortal = 207656BA20C182A800F6CCD7 /* Project object */;
			proxyType = 1;
			remoteGlobalIDString = 207656C120C182A800F6CCD7;
			remoteInfo = GeekTime;
		};
/* End PBXContainerItemProxy section */

/* Begin PBXFileReference section */
		11055276C63A7B9B69BCA8FA /* Pods-GeekTime.release.xcconfig */ = {isa = PBXFileReference; includeInIndex = 1; lastKnownFileType = text.xcconfig; name = "Pods-GeekTime.release.xcconfig"; path = "Pods/Target Support Files/Pods-GeekTime/Pods-GeekTime.release.xcconfig"; sourceTree = "<group>"; };
		205EBBC220C242D300A1CC6B /* MineViewController.h */ = {isa = PBXFileReference; lastKnownFileType = sourcecode.c.h; path = MineViewController.h; sourceTree = "<group>"; };
		205EBBC320C242D300A1CC6B /* MineViewController.m */ = {isa = PBXFileReference; lastKnownFileType = sourcecode.c.objc; path = MineViewController.m; sourceTree = "<group>"; };
		205EBBC520C242F600A1CC6B /* ColumeViewController.h */ = {isa = PBXFileReference; lastKnownFileType = sourcecode.c.h; path = ColumeViewController.h; sourceTree = "<group>"; };
		205EBBC620C242F600A1CC6B /* ColumeViewController.m */ = {isa = PBXFileReference; lastKnownFileType = sourcecode.c.objc; path = ColumeViewController.m; sourceTree = "<group>"; };
		205EBBC820C242FE00A1CC6B /* FindViewController.h */ = {isa = PBXFileReference; lastKnownFileType = sourcecode.c.h; path = FindViewController.h; sourceTree = "<group>"; };
		205EBBC920C242FE00A1CC6B /* FindViewController.m */ = {isa = PBXFileReference; lastKnownFileType = sourcecode.c.objc; path = FindViewController.m; sourceTree = "<group>"; };
		205EBBD120C24F2E00A1CC6B /* UIColor+FlatUI.h */ = {isa = PBXFileReference; fileEncoding = 4; lastKnownFileType = sourcecode.c.h; path = "UIColor+FlatUI.h"; sourceTree = "<group>"; };
		205EBBD220C24F2E00A1CC6B /* UIColor+FlatUI.m */ = {isa = PBXFileReference; fileEncoding = 4; lastKnownFileType = sourcecode.c.objc; path = "UIColor+FlatUI.m"; sourceTree = "<group>"; };
		205EBBD520C24F7C00A1CC6B /* PrefixHeader.pch */ = {isa = PBXFileReference; lastKnownFileType = sourcecode.c.h; path = PrefixHeader.pch; sourceTree = "<group>"; };
		205EBBD620C26CB000A1CC6B /* BaseNavigationViewController.h */ = {isa = PBXFileReference; lastKnownFileType = sourcecode.c.h; path = BaseNavigationViewController.h; sourceTree = "<group>"; };
		205EBBD720C26CB000A1CC6B /* BaseNavigationViewController.m */ = {isa = PBXFileReference; lastKnownFileType = sourcecode.c.objc; path = BaseNavigationViewController.m; sourceTree = "<group>"; };
		205EBBD920C2710300A1CC6B /* GeekNewsViewController.h */ = {isa = PBXFileReference; lastKnownFileType = sourcecode.c.h; path = GeekNewsViewController.h; sourceTree = "<group>"; };
		205EBBDA20C2710300A1CC6B /* GeekNewsViewController.m */ = {isa = PBXFileReference; lastKnownFileType = sourcecode.c.objc; path = GeekNewsViewController.m; sourceTree = "<group>"; };
		205EBBDD20C27EA800A1CC6B /* NSObject+SXRuntime.h */ = {isa = PBXFileReference; fileEncoding = 4; lastKnownFileType = sourcecode.c.h; path = "NSObject+SXRuntime.h"; sourceTree = "<group>"; };
		205EBBDE20C27EA800A1CC6B /* NSObject+SXRuntime.m */ = {isa = PBXFileReference; fileEncoding = 4; lastKnownFileType = sourcecode.c.objc; path = "NSObject+SXRuntime.m"; sourceTree = "<group>"; };
		205EBBDF20C27EA800A1CC6B /* UINavigationBar+SXFixSpace.h */ = {isa = PBXFileReference; fileEncoding = 4; lastKnownFileType = sourcecode.c.h; path = "UINavigationBar+SXFixSpace.h"; sourceTree = "<group>"; };
		205EBBE020C27EA800A1CC6B /* UINavigationBar+SXFixSpace.m */ = {isa = PBXFileReference; fileEncoding = 4; lastKnownFileType = sourcecode.c.objc; path = "UINavigationBar+SXFixSpace.m"; sourceTree = "<group>"; };
		205EBBE120C27EA800A1CC6B /* UINavigationConfig.h */ = {isa = PBXFileReference; fileEncoding = 4; lastKnownFileType = sourcecode.c.h; path = UINavigationConfig.h; sourceTree = "<group>"; };
		205EBBE220C27EA800A1CC6B /* UINavigationConfig.m */ = {isa = PBXFileReference; fileEncoding = 4; lastKnownFileType = sourcecode.c.objc; path = UINavigationConfig.m; sourceTree = "<group>"; };
		205EBBE320C27EA800A1CC6B /* UINavigationController+SXFixSpace.h */ = {isa = PBXFileReference; fileEncoding = 4; lastKnownFileType = sourcecode.c.h; path = "UINavigationController+SXFixSpace.h"; sourceTree = "<group>"; };
		205EBBE420C27EA800A1CC6B /* UINavigationController+SXFixSpace.m */ = {isa = PBXFileReference; fileEncoding = 4; lastKnownFileType = sourcecode.c.objc; path = "UINavigationController+SXFixSpace.m"; sourceTree = "<group>"; };
		205EBBE520C27EA800A1CC6B /* UINavigationItem+SXFixSpace.h */ = {isa = PBXFileReference; fileEncoding = 4; lastKnownFileType = sourcecode.c.h; path = "UINavigationItem+SXFixSpace.h"; sourceTree = "<group>"; };
		205EBBE620C27EA800A1CC6B /* UINavigationItem+SXFixSpace.m */ = {isa = PBXFileReference; fileEncoding = 4; lastKnownFileType = sourcecode.c.objc; path = "UINavigationItem+SXFixSpace.m"; sourceTree = "<group>"; };
		207656C220C182A800F6CCD7 /* GeekTime.app */ = {isa = PBXFileReference; explicitFileType = wrapper.application; includeInIndex = 0; path = GeekTime.app; sourceTree = BUILT_PRODUCTS_DIR; };
		207656C520C182A800F6CCD7 /* AppDelegate.h */ = {isa = PBXFileReference; lastKnownFileType = sourcecode.c.h; path = AppDelegate.h; sourceTree = "<group>"; };
		207656C620C182A800F6CCD7 /* AppDelegate.m */ = {isa = PBXFileReference; lastKnownFileType = sourcecode.c.objc; path = AppDelegate.m; sourceTree = "<group>"; };
		207656C820C182A800F6CCD7 /* ViewController.h */ = {isa = PBXFileReference; lastKnownFileType = sourcecode.c.h; path = ViewController.h; sourceTree = "<group>"; };
		207656C920C182A800F6CCD7 /* ViewController.m */ = {isa = PBXFileReference; lastKnownFileType = sourcecode.c.objc; path = ViewController.m; sourceTree = "<group>"; };
		207656CC20C182A800F6CCD7 /* Base */ = {isa = PBXFileReference; lastKnownFileType = file.storyboard; name = Base; path = Base.lproj/Main.storyboard; sourceTree = "<group>"; };
		207656CE20C182A800F6CCD7 /* Assets.xcassets */ = {isa = PBXFileReference; lastKnownFileType = folder.assetcatalog; path = Assets.xcassets; sourceTree = "<group>"; };
		207656D120C182A800F6CCD7 /* Base */ = {isa = PBXFileReference; lastKnownFileType = file.storyboard; name = Base; path = Base.lproj/LaunchScreen.storyboard; sourceTree = "<group>"; };
		207656D320C182A800F6CCD7 /* Info.plist */ = {isa = PBXFileReference; lastKnownFileType = text.plist.xml; path = Info.plist; sourceTree = "<group>"; };
		207656D420C182A800F6CCD7 /* main.m */ = {isa = PBXFileReference; lastKnownFileType = sourcecode.c.objc; path = main.m; sourceTree = "<group>"; };
		207656DA20C182A800F6CCD7 /* GeekTimeTests.xctest */ = {isa = PBXFileReference; explicitFileType = wrapper.cfbundle; includeInIndex = 0; path = GeekTimeTests.xctest; sourceTree = BUILT_PRODUCTS_DIR; };
		207656DE20C182A800F6CCD7 /* GeekTimeTests.m */ = {isa = PBXFileReference; lastKnownFileType = sourcecode.c.objc; path = GeekTimeTests.m; sourceTree = "<group>"; };
		207656E020C182A800F6CCD7 /* Info.plist */ = {isa = PBXFileReference; lastKnownFileType = text.plist.xml; path = Info.plist; sourceTree = "<group>"; };
		207656E520C182A800F6CCD7 /* GeekTimeUITests.xctest */ = {isa = PBXFileReference; explicitFileType = wrapper.cfbundle; includeInIndex = 0; path = GeekTimeUITests.xctest; sourceTree = BUILT_PRODUCTS_DIR; };
		207656E920C182A800F6CCD7 /* GeekTimeUITests.m */ = {isa = PBXFileReference; lastKnownFileType = sourcecode.c.objc; path = GeekTimeUITests.m; sourceTree = "<group>"; };
		207656EB20C182A800F6CCD7 /* Info.plist */ = {isa = PBXFileReference; lastKnownFileType = text.plist.xml; path = Info.plist; sourceTree = "<group>"; };
		EAF3AD70523987A8E5C93276 /* Pods-GeekTime.debug.xcconfig */ = {isa = PBXFileReference; includeInIndex = 1; lastKnownFileType = text.xcconfig; name = "Pods-GeekTime.debug.xcconfig"; path = "Pods/Target Support Files/Pods-GeekTime/Pods-GeekTime.debug.xcconfig"; sourceTree = "<group>"; };
		F7892A48BBC07BF2E196E052 /* libPods-GeekTime.a */ = {isa = PBXFileReference; explicitFileType = archive.ar; includeInIndex = 0; path = "libPods-GeekTime.a"; sourceTree = BUILT_PRODUCTS_DIR; };
/* End PBXFileReference section */

/* Begin PBXFrameworksBuildPhase section */
		207656BF20C182A800F6CCD7 /* Frameworks */ = {
			isa = PBXFrameworksBuildPhase;
			buildActionMask = 2147483647;
			files = (
				42435FAA5862CCED67072A8E /* libPods-GeekTime.a in Frameworks */,
			);
			runOnlyForDeploymentPostprocessing = 0;
		};
		207656D720C182A800F6CCD7 /* Frameworks */ = {
			isa = PBXFrameworksBuildPhase;
			buildActionMask = 2147483647;
			files = (
			);
			runOnlyForDeploymentPostprocessing = 0;
		};
		207656E220C182A800F6CCD7 /* Frameworks */ = {
			isa = PBXFrameworksBuildPhase;
			buildActionMask = 2147483647;
			files = (
			);
			runOnlyForDeploymentPostprocessing = 0;
		};
/* End PBXFrameworksBuildPhase section */

/* Begin PBXGroup section */
		205EBBBD20C241FB00A1CC6B /* Classes */ = {
			isa = PBXGroup;
			children = (
				205EBBD420C24F6300A1CC6B /* Other */,
				205EBBCF20C24F1C00A1CC6B /* Lib */,
				205EBBCB20C24D5200A1CC6B /* Main */,
				205EBBBE20C2421A00A1CC6B /* Module */,
			);
			path = Classes;
			sourceTree = "<group>";
		};
		205EBBBE20C2421A00A1CC6B /* Module */ = {
			isa = PBXGroup;
			children = (
				205EBBBF20C2424C00A1CC6B /* Find */,
				205EBBC020C242A600A1CC6B /* Column */,
				205EBBC120C242BA00A1CC6B /* Mine */,
			);
			path = Module;
			sourceTree = "<group>";
		};
		205EBBBF20C2424C00A1CC6B /* Find */ = {
			isa = PBXGroup;
			children = (
				205EBBC820C242FE00A1CC6B /* FindViewController.h */,
				205EBBC920C242FE00A1CC6B /* FindViewController.m */,
				205EBBD920C2710300A1CC6B /* GeekNewsViewController.h */,
				205EBBDA20C2710300A1CC6B /* GeekNewsViewController.m */,
			);
			path = Find;
			sourceTree = "<group>";
		};
		205EBBC020C242A600A1CC6B /* Column */ = {
			isa = PBXGroup;
			children = (
				205EBBC520C242F600A1CC6B /* ColumeViewController.h */,
				205EBBC620C242F600A1CC6B /* ColumeViewController.m */,
			);
			path = Column;
			sourceTree = "<group>";
		};
		205EBBC120C242BA00A1CC6B /* Mine */ = {
			isa = PBXGroup;
			children = (
				205EBBC220C242D300A1CC6B /* MineViewController.h */,
				205EBBC320C242D300A1CC6B /* MineViewController.m */,
			);
			path = Mine;
			sourceTree = "<group>";
		};
		205EBBCB20C24D5200A1CC6B /* Main */ = {
			isa = PBXGroup;
			children = (
				205EBBD620C26CB000A1CC6B /* BaseNavigationViewController.h */,
				205EBBD720C26CB000A1CC6B /* BaseNavigationViewController.m */,
			);
			path = Main;
			sourceTree = "<group>";
		};
		205EBBCF20C24F1C00A1CC6B /* Lib */ = {
			isa = PBXGroup;
			children = (
				205EBBDC20C27EA800A1CC6B /* UINavigation-SXFixSpace */,
				205EBBD020C24F1C00A1CC6B /* HexColor */,
			);
			path = Lib;
			sourceTree = "<group>";
		};
		205EBBD020C24F1C00A1CC6B /* HexColor */ = {
			isa = PBXGroup;
			children = (
				205EBBD120C24F2E00A1CC6B /* UIColor+FlatUI.h */,
				205EBBD220C24F2E00A1CC6B /* UIColor+FlatUI.m */,
			);
			path = HexColor;
			sourceTree = "<group>";
		};
		205EBBD420C24F6300A1CC6B /* Other */ = {
			isa = PBXGroup;
			children = (
				205EBBD520C24F7C00A1CC6B /* PrefixHeader.pch */,
			);
			path = Other;
			sourceTree = "<group>";
		};
		205EBBDC20C27EA800A1CC6B /* UINavigation-SXFixSpace */ = {
			isa = PBXGroup;
			children = (
				205EBBDD20C27EA800A1CC6B /* NSObject+SXRuntime.h */,
				205EBBDE20C27EA800A1CC6B /* NSObject+SXRuntime.m */,
				205EBBDF20C27EA800A1CC6B /* UINavigationBar+SXFixSpace.h */,
				205EBBE020C27EA800A1CC6B /* UINavigationBar+SXFixSpace.m */,
				205EBBE120C27EA800A1CC6B /* UINavigationConfig.h */,
				205EBBE220C27EA800A1CC6B /* UINavigationConfig.m */,
				205EBBE320C27EA800A1CC6B /* UINavigationController+SXFixSpace.h */,
				205EBBE420C27EA800A1CC6B /* UINavigationController+SXFixSpace.m */,
				205EBBE520C27EA800A1CC6B /* UINavigationItem+SXFixSpace.h */,
				205EBBE620C27EA800A1CC6B /* UINavigationItem+SXFixSpace.m */,
			);
			path = "UINavigation-SXFixSpace";
			sourceTree = "<group>";
		};
		207656B920C182A800F6CCD7 = {
			isa = PBXGroup;
			children = (
				207656C420C182A800F6CCD7 /* GeekTime */,
				207656DD20C182A800F6CCD7 /* GeekTimeTests */,
				207656E820C182A800F6CCD7 /* GeekTimeUITests */,
				207656C320C182A800F6CCD7 /* Products */,
				51E253BAAE8BFB45A5C9CDF1 /* Pods */,
				A72342772E922F547ADA812D /* Frameworks */,
			);
			sourceTree = "<group>";
		};
		207656C320C182A800F6CCD7 /* Products */ = {
			isa = PBXGroup;
			children = (
				207656C220C182A800F6CCD7 /* GeekTime.app */,
				207656DA20C182A800F6CCD7 /* GeekTimeTests.xctest */,
				207656E520C182A800F6CCD7 /* GeekTimeUITests.xctest */,
			);
			name = Products;
			sourceTree = "<group>";
		};
		207656C420C182A800F6CCD7 /* GeekTime */ = {
			isa = PBXGroup;
			children = (
				205EBBBD20C241FB00A1CC6B /* Classes */,
				207656C520C182A800F6CCD7 /* AppDelegate.h */,
				207656C620C182A800F6CCD7 /* AppDelegate.m */,
				207656C820C182A800F6CCD7 /* ViewController.h */,
				207656C920C182A800F6CCD7 /* ViewController.m */,
				207656CB20C182A800F6CCD7 /* Main.storyboard */,
				207656CE20C182A800F6CCD7 /* Assets.xcassets */,
				207656D020C182A800F6CCD7 /* LaunchScreen.storyboard */,
				207656D320C182A800F6CCD7 /* Info.plist */,
				207656D420C182A800F6CCD7 /* main.m */,
			);
			path = GeekTime;
			sourceTree = "<group>";
		};
		207656DD20C182A800F6CCD7 /* GeekTimeTests */ = {
			isa = PBXGroup;
			children = (
				207656DE20C182A800F6CCD7 /* GeekTimeTests.m */,
				207656E020C182A800F6CCD7 /* Info.plist */,
			);
			path = GeekTimeTests;
			sourceTree = "<group>";
		};
		207656E820C182A800F6CCD7 /* GeekTimeUITests */ = {
			isa = PBXGroup;
			children = (
				207656E920C182A800F6CCD7 /* GeekTimeUITests.m */,
				207656EB20C182A800F6CCD7 /* Info.plist */,
			);
			path = GeekTimeUITests;
			sourceTree = "<group>";
		};
		51E253BAAE8BFB45A5C9CDF1 /* Pods */ = {
			isa = PBXGroup;
			children = (
				EAF3AD70523987A8E5C93276 /* Pods-GeekTime.debug.xcconfig */,
				11055276C63A7B9B69BCA8FA /* Pods-GeekTime.release.xcconfig */,
			);
			name = Pods;
			sourceTree = "<group>";
		};
		A72342772E922F547ADA812D /* Frameworks */ = {
			isa = PBXGroup;
			children = (
				F7892A48BBC07BF2E196E052 /* libPods-GeekTime.a */,
			);
			name = Frameworks;
			sourceTree = "<group>";
		};
/* End PBXGroup section */

/* Begin PBXNativeTarget section */
		207656C120C182A800F6CCD7 /* GeekTime */ = {
			isa = PBXNativeTarget;
			buildConfigurationList = 207656EE20C182A800F6CCD7 /* Build configuration list for PBXNativeTarget "GeekTime" */;
			buildPhases = (
				D0A0483A0DA24612813F0E79 /* [CP] Check Pods Manifest.lock */,
				207656BE20C182A800F6CCD7 /* Sources */,
				207656BF20C182A800F6CCD7 /* Frameworks */,
				207656C020C182A800F6CCD7 /* Resources */,
				9698EDA982E6331B9D60E03B /* [CP] Embed Pods Frameworks */,
				9FE82C098114C495AF837A5F /* [CP] Copy Pods Resources */,
			);
			buildRules = (
			);
			dependencies = (
			);
			name = GeekTime;
			productName = GeekTime;
			productReference = 207656C220C182A800F6CCD7 /* GeekTime.app */;
			productType = "com.apple.product-type.application";
		};
		207656D920C182A800F6CCD7 /* GeekTimeTests */ = {
			isa = PBXNativeTarget;
			buildConfigurationList = 207656F120C182A800F6CCD7 /* Build configuration list for PBXNativeTarget "GeekTimeTests" */;
			buildPhases = (
				207656D620C182A800F6CCD7 /* Sources */,
				207656D720C182A800F6CCD7 /* Frameworks */,
				207656D820C182A800F6CCD7 /* Resources */,
			);
			buildRules = (
			);
			dependencies = (
				207656DC20C182A800F6CCD7 /* PBXTargetDependency */,
			);
			name = GeekTimeTests;
			productName = GeekTimeTests;
			productReference = 207656DA20C182A800F6CCD7 /* GeekTimeTests.xctest */;
			productType = "com.apple.product-type.bundle.unit-test";
		};
		207656E420C182A800F6CCD7 /* GeekTimeUITests */ = {
			isa = PBXNativeTarget;
			buildConfigurationList = 207656F420C182A800F6CCD7 /* Build configuration list for PBXNativeTarget "GeekTimeUITests" */;
			buildPhases = (
				207656E120C182A800F6CCD7 /* Sources */,
				207656E220C182A800F6CCD7 /* Frameworks */,
				207656E320C182A800F6CCD7 /* Resources */,
			);
			buildRules = (
			);
			dependencies = (
				207656E720C182A800F6CCD7 /* PBXTargetDependency */,
			);
			name = GeekTimeUITests;
			productName = GeekTimeUITests;
			productReference = 207656E520C182A800F6CCD7 /* GeekTimeUITests.xctest */;
			productType = "com.apple.product-type.bundle.ui-testing";
		};
/* End PBXNativeTarget section */

/* Begin PBXProject section */
		207656BA20C182A800F6CCD7 /* Project object */ = {
			isa = PBXProject;
			attributes = {
				LastUpgradeCheck = 0920;
				ORGANIZATIONNAME = LuzhiChao;
				TargetAttributes = {
					207656C120C182A800F6CCD7 = {
						CreatedOnToolsVersion = 9.2;
						ProvisioningStyle = Automatic;
					};
					207656D920C182A800F6CCD7 = {
						CreatedOnToolsVersion = 9.2;
						ProvisioningStyle = Automatic;
						TestTargetID = 207656C120C182A800F6CCD7;
					};
					207656E420C182A800F6CCD7 = {
						CreatedOnToolsVersion = 9.2;
						ProvisioningStyle = Automatic;
						TestTargetID = 207656C120C182A800F6CCD7;
					};
				};
			};
			buildConfigurationList = 207656BD20C182A800F6CCD7 /* Build configuration list for PBXProject "GeekTime" */;
			compatibilityVersion = "Xcode 8.0";
			developmentRegion = en;
			hasScannedForEncodings = 0;
			knownRegions = (
				en,
				Base,
			);
			mainGroup = 207656B920C182A800F6CCD7;
			productRefGroup = 207656C320C182A800F6CCD7 /* Products */;
			projectDirPath = "";
			projectRoot = "";
			targets = (
				207656C120C182A800F6CCD7 /* GeekTime */,
				207656D920C182A800F6CCD7 /* GeekTimeTests */,
				207656E420C182A800F6CCD7 /* GeekTimeUITests */,
			);
		};
/* End PBXProject section */

/* Begin PBXResourcesBuildPhase section */
		207656C020C182A800F6CCD7 /* Resources */ = {
			isa = PBXResourcesBuildPhase;
			buildActionMask = 2147483647;
			files = (
				207656D220C182A800F6CCD7 /* LaunchScreen.storyboard in Resources */,
				207656CF20C182A800F6CCD7 /* Assets.xcassets in Resources */,
				207656CD20C182A800F6CCD7 /* Main.storyboard in Resources */,
			);
			runOnlyForDeploymentPostprocessing = 0;
		};
		207656D820C182A800F6CCD7 /* Resources */ = {
			isa = PBXResourcesBuildPhase;
			buildActionMask = 2147483647;
			files = (
			);
			runOnlyForDeploymentPostprocessing = 0;
		};
		207656E320C182A800F6CCD7 /* Resources */ = {
			isa = PBXResourcesBuildPhase;
			buildActionMask = 2147483647;
			files = (
			);
			runOnlyForDeploymentPostprocessing = 0;
		};
/* End PBXResourcesBuildPhase section */

/* Begin PBXShellScriptBuildPhase section */
		9698EDA982E6331B9D60E03B /* [CP] Embed Pods Frameworks */ = {
			isa = PBXShellScriptBuildPhase;
			buildActionMask = 2147483647;
			files = (
			);
			inputPaths = (
			);
			name = "[CP] Embed Pods Frameworks";
			outputPaths = (
			);
			runOnlyForDeploymentPostprocessing = 0;
			shellPath = /bin/sh;
			shellScript = "\"${SRCROOT}/Pods/Target Support Files/Pods-GeekTime/Pods-GeekTime-frameworks.sh\"\n";
			showEnvVarsInLog = 0;
		};
		9FE82C098114C495AF837A5F /* [CP] Copy Pods Resources */ = {
			isa = PBXShellScriptBuildPhase;
			buildActionMask = 2147483647;
			files = (
			);
			inputPaths = (
			);
			name = "[CP] Copy Pods Resources";
			outputPaths = (
			);
			runOnlyForDeploymentPostprocessing = 0;
			shellPath = /bin/sh;
			shellScript = "\"${SRCROOT}/Pods/Target Support Files/Pods-GeekTime/Pods-GeekTime-resources.sh\"\n";
			showEnvVarsInLog = 0;
		};
		D0A0483A0DA24612813F0E79 /* [CP] Check Pods Manifest.lock */ = {
			isa = PBXShellScriptBuildPhase;
			buildActionMask = 2147483647;
			files = (
			);
			inputPaths = (
			);
			name = "[CP] Check Pods Manifest.lock";
			outputPaths = (
			);
			runOnlyForDeploymentPostprocessing = 0;
			shellPath = /bin/sh;
			shellScript = "diff \"${PODS_PODFILE_DIR_PATH}/Podfile.lock\" \"${PODS_ROOT}/Manifest.lock\" > /dev/null\nif [ $? != 0 ] ; then\n    # print error to STDERR\n    echo \"error: The sandbox is not in sync with the Podfile.lock. Run 'pod install' or update your CocoaPods installation.\" >&2\n    exit 1\nfi\n";
			showEnvVarsInLog = 0;
		};
/* End PBXShellScriptBuildPhase section */

/* Begin PBXSourcesBuildPhase section */
		207656BE20C182A800F6CCD7 /* Sources */ = {
			isa = PBXSourcesBuildPhase;
			buildActionMask = 2147483647;
			files = (
				205EBBD320C24F2F00A1CC6B /* UIColor+FlatUI.m in Sources */,
				207656CA20C182A800F6CCD7 /* ViewController.m in Sources */,
				207656D520C182A800F6CCD7 /* main.m in Sources */,
				205EBBE920C27EA800A1CC6B /* UINavigationConfig.m in Sources */,
				205EBBEB20C27EA800A1CC6B /* UINavigationItem+SXFixSpace.m in Sources */,
				205EBBD820C26CB000A1CC6B /* BaseNavigationViewController.m in Sources */,
				205EBBEA20C27EA800A1CC6B /* UINavigationController+SXFixSpace.m in Sources */,
				207656C720C182A800F6CCD7 /* AppDelegate.m in Sources */,
				205EBBCA20C242FE00A1CC6B /* FindViewController.m in Sources */,
				205EBBC720C242F600A1CC6B /* ColumeViewController.m in Sources */,
				205EBBDB20C2710300A1CC6B /* GeekNewsViewController.m in Sources */,
				205EBBE820C27EA800A1CC6B /* UINavigationBar+SXFixSpace.m in Sources */,
				205EBBC420C242D300A1CC6B /* MineViewController.m in Sources */,
				205EBBE720C27EA800A1CC6B /* NSObject+SXRuntime.m in Sources */,
			);
			runOnlyForDeploymentPostprocessing = 0;
		};
		207656D620C182A800F6CCD7 /* Sources */ = {
			isa = PBXSourcesBuildPhase;
			buildActionMask = 2147483647;
			files = (
				207656DF20C182A800F6CCD7 /* GeekTimeTests.m in Sources */,
			);
			runOnlyForDeploymentPostprocessing = 0;
		};
		207656E120C182A800F6CCD7 /* Sources */ = {
			isa = PBXSourcesBuildPhase;
			buildActionMask = 2147483647;
			files = (
				207656EA20C182A800F6CCD7 /* GeekTimeUITests.m in Sources */,
			);
			runOnlyForDeploymentPostprocessing = 0;
		};
/* End PBXSourcesBuildPhase section */

/* Begin PBXTargetDependency section */
		207656DC20C182A800F6CCD7 /* PBXTargetDependency */ = {
			isa = PBXTargetDependency;
			target = 207656C120C182A800F6CCD7 /* GeekTime */;
			targetProxy = 207656DB20C182A800F6CCD7 /* PBXContainerItemProxy */;
		};
		207656E720C182A800F6CCD7 /* PBXTargetDependency */ = {
			isa = PBXTargetDependency;
			target = 207656C120C182A800F6CCD7 /* GeekTime */;
			targetProxy = 207656E620C182A800F6CCD7 /* PBXContainerItemProxy */;
		};
/* End PBXTargetDependency section */

/* Begin PBXVariantGroup section */
		207656CB20C182A800F6CCD7 /* Main.storyboard */ = {
			isa = PBXVariantGroup;
			children = (
				207656CC20C182A800F6CCD7 /* Base */,
			);
			name = Main.storyboard;
			sourceTree = "<group>";
		};
		207656D020C182A800F6CCD7 /* LaunchScreen.storyboard */ = {
			isa = PBXVariantGroup;
			children = (
				207656D120C182A800F6CCD7 /* Base */,
			);
			name = LaunchScreen.storyboard;
			sourceTree = "<group>";
		};
/* End PBXVariantGroup section */

/* Begin XCBuildConfiguration section */
		207656EC20C182A800F6CCD7 /* Debug */ = {
			isa = XCBuildConfiguration;
			buildSettings = {
				ALWAYS_SEARCH_USER_PATHS = NO;
				CLANG_ANALYZER_NONNULL = YES;
				CLANG_ANALYZER_NUMBER_OBJECT_CONVERSION = YES_AGGRESSIVE;
				CLANG_CXX_LANGUAGE_STANDARD = "gnu++14";
				CLANG_CXX_LIBRARY = "libc++";
				CLANG_ENABLE_MODULES = YES;
				CLANG_ENABLE_OBJC_ARC = YES;
				CLANG_WARN_BLOCK_CAPTURE_AUTORELEASING = YES;
				CLANG_WARN_BOOL_CONVERSION = YES;
				CLANG_WARN_COMMA = YES;
				CLANG_WARN_CONSTANT_CONVERSION = YES;
				CLANG_WARN_DIRECT_OBJC_ISA_USAGE = YES_ERROR;
				CLANG_WARN_DOCUMENTATION_COMMENTS = YES;
				CLANG_WARN_EMPTY_BODY = YES;
				CLANG_WARN_ENUM_CONVERSION = YES;
				CLANG_WARN_INFINITE_RECURSION = YES;
				CLANG_WARN_INT_CONVERSION = YES;
				CLANG_WARN_NON_LITERAL_NULL_CONVERSION = YES;
				CLANG_WARN_OBJC_LITERAL_CONVERSION = YES;
				CLANG_WARN_OBJC_ROOT_CLASS = YES_ERROR;
				CLANG_WARN_RANGE_LOOP_ANALYSIS = YES;
				CLANG_WARN_STRICT_PROTOTYPES = YES;
				CLANG_WARN_SUSPICIOUS_MOVE = YES;
				CLANG_WARN_UNGUARDED_AVAILABILITY = YES_AGGRESSIVE;
				CLANG_WARN_UNREACHABLE_CODE = YES;
				CLANG_WARN__DUPLICATE_METHOD_MATCH = YES;
				CODE_SIGN_IDENTITY = "iPhone Developer";
				COPY_PHASE_STRIP = NO;
				DEBUG_INFORMATION_FORMAT = dwarf;
				ENABLE_STRICT_OBJC_MSGSEND = YES;
				ENABLE_TESTABILITY = YES;
				GCC_C_LANGUAGE_STANDARD = gnu11;
				GCC_DYNAMIC_NO_PIC = NO;
				GCC_NO_COMMON_BLOCKS = YES;
				GCC_OPTIMIZATION_LEVEL = 0;
				GCC_PREPROCESSOR_DEFINITIONS = (
					"DEBUG=1",
					"$(inherited)",
				);
				GCC_WARN_64_TO_32_BIT_CONVERSION = YES;
				GCC_WARN_ABOUT_RETURN_TYPE = YES_ERROR;
				GCC_WARN_UNDECLARED_SELECTOR = YES;
				GCC_WARN_UNINITIALIZED_AUTOS = YES_AGGRESSIVE;
				GCC_WARN_UNUSED_FUNCTION = YES;
				GCC_WARN_UNUSED_VARIABLE = YES;
				IPHONEOS_DEPLOYMENT_TARGET = 11.2;
				MTL_ENABLE_DEBUG_INFO = YES;
				ONLY_ACTIVE_ARCH = YES;
				SDKROOT = iphoneos;
			};
			name = Debug;
		};
		207656ED20C182A800F6CCD7 /* Release */ = {
			isa = XCBuildConfiguration;
			buildSettings = {
				ALWAYS_SEARCH_USER_PATHS = NO;
				CLANG_ANALYZER_NONNULL = YES;
				CLANG_ANALYZER_NUMBER_OBJECT_CONVERSION = YES_AGGRESSIVE;
				CLANG_CXX_LANGUAGE_STANDARD = "gnu++14";
				CLANG_CXX_LIBRARY = "libc++";
				CLANG_ENABLE_MODULES = YES;
				CLANG_ENABLE_OBJC_ARC = YES;
				CLANG_WARN_BLOCK_CAPTURE_AUTORELEASING = YES;
				CLANG_WARN_BOOL_CONVERSION = YES;
				CLANG_WARN_COMMA = YES;
				CLANG_WARN_CONSTANT_CONVERSION = YES;
				CLANG_WARN_DIRECT_OBJC_ISA_USAGE = YES_ERROR;
				CLANG_WARN_DOCUMENTATION_COMMENTS = YES;
				CLANG_WARN_EMPTY_BODY = YES;
				CLANG_WARN_ENUM_CONVERSION = YES;
				CLANG_WARN_INFINITE_RECURSION = YES;
				CLANG_WARN_INT_CONVERSION = YES;
				CLANG_WARN_NON_LITERAL_NULL_CONVERSION = YES;
				CLANG_WARN_OBJC_LITERAL_CONVERSION = YES;
				CLANG_WARN_OBJC_ROOT_CLASS = YES_ERROR;
				CLANG_WARN_RANGE_LOOP_ANALYSIS = YES;
				CLANG_WARN_STRICT_PROTOTYPES = YES;
				CLANG_WARN_SUSPICIOUS_MOVE = YES;
				CLANG_WARN_UNGUARDED_AVAILABILITY = YES_AGGRESSIVE;
				CLANG_WARN_UNREACHABLE_CODE = YES;
				CLANG_WARN__DUPLICATE_METHOD_MATCH = YES;
				CODE_SIGN_IDENTITY = "iPhone Developer";
				COPY_PHASE_STRIP = NO;
				DEBUG_INFORMATION_FORMAT = "dwarf-with-dsym";
				ENABLE_NS_ASSERTIONS = NO;
				ENABLE_STRICT_OBJC_MSGSEND = YES;
				GCC_C_LANGUAGE_STANDARD = gnu11;
				GCC_NO_COMMON_BLOCKS = YES;
				GCC_WARN_64_TO_32_BIT_CONVERSION = YES;
				GCC_WARN_ABOUT_RETURN_TYPE = YES_ERROR;
				GCC_WARN_UNDECLARED_SELECTOR = YES;
				GCC_WARN_UNINITIALIZED_AUTOS = YES_AGGRESSIVE;
				GCC_WARN_UNUSED_FUNCTION = YES;
				GCC_WARN_UNUSED_VARIABLE = YES;
				IPHONEOS_DEPLOYMENT_TARGET = 11.2;
				MTL_ENABLE_DEBUG_INFO = NO;
				SDKROOT = iphoneos;
				VALIDATE_PRODUCT = YES;
			};
			name = Release;
		};
		207656EF20C182A800F6CCD7 /* Debug */ = {
			isa = XCBuildConfiguration;
			baseConfigurationReference = EAF3AD70523987A8E5C93276 /* Pods-GeekTime.debug.xcconfig */;
			buildSettings = {
				ASSETCATALOG_COMPILER_APPICON_NAME = AppIcon;
				CODE_SIGN_STYLE = Automatic;
				GCC_PRECOMPILE_PREFIX_HEADER = YES;
				GCC_PREFIX_HEADER = "$(SRCROOT)/GeekTime/Classes/Other/PrefixHeader.pch";
				INFOPLIST_FILE = GeekTime/Info.plist;
				LD_RUNPATH_SEARCH_PATHS = "$(inherited) @executable_path/Frameworks";
				PRODUCT_BUNDLE_IDENTIFIER = com.ljkj.GeekTime;
				PRODUCT_NAME = "$(TARGET_NAME)";
				TARGETED_DEVICE_FAMILY = 1;
			};
			name = Debug;
		};
		207656F020C182A800F6CCD7 /* Release */ = {
			isa = XCBuildConfiguration;
			baseConfigurationReference = 11055276C63A7B9B69BCA8FA /* Pods-GeekTime.release.xcconfig */;
			buildSettings = {
				ASSETCATALOG_COMPILER_APPICON_NAME = AppIcon;
				CODE_SIGN_STYLE = Automatic;
				GCC_PRECOMPILE_PREFIX_HEADER = YES;
				GCC_PREFIX_HEADER = "$(SRCROOT)/GeekTime/Classes/Other/PrefixHeader.pch";
				INFOPLIST_FILE = GeekTime/Info.plist;
				LD_RUNPATH_SEARCH_PATHS = "$(inherited) @executable_path/Frameworks";
				PRODUCT_BUNDLE_IDENTIFIER = com.ljkj.GeekTime;
				PRODUCT_NAME = "$(TARGET_NAME)";
				TARGETED_DEVICE_FAMILY = 1;
			};
			name = Release;
		};
		207656F220C182A800F6CCD7 /* Debug */ = {
			isa = XCBuildConfiguration;
			buildSettings = {
				BUNDLE_LOADER = "$(TEST_HOST)";
				CODE_SIGN_STYLE = Automatic;
				INFOPLIST_FILE = GeekTimeTests/Info.plist;
				LD_RUNPATH_SEARCH_PATHS = "$(inherited) @executable_path/Frameworks @loader_path/Frameworks";
				PRODUCT_BUNDLE_IDENTIFIER = com.ljkj.GeekTimeTests;
				PRODUCT_NAME = "$(TARGET_NAME)";
				TARGETED_DEVICE_FAMILY = "1,2";
				TEST_HOST = "$(BUILT_PRODUCTS_DIR)/GeekTime.app/GeekTime";
			};
			name = Debug;
		};
		207656F320C182A800F6CCD7 /* Release */ = {
			isa = XCBuildConfiguration;
			buildSettings = {
				BUNDLE_LOADER = "$(TEST_HOST)";
				CODE_SIGN_STYLE = Automatic;
				INFOPLIST_FILE = GeekTimeTests/Info.plist;
				LD_RUNPATH_SEARCH_PATHS = "$(inherited) @executable_path/Frameworks @loader_path/Frameworks";
				PRODUCT_BUNDLE_IDENTIFIER = com.ljkj.GeekTimeTests;
				PRODUCT_NAME = "$(TARGET_NAME)";
				TARGETED_DEVICE_FAMILY = "1,2";
				TEST_HOST = "$(BUILT_PRODUCTS_DIR)/GeekTime.app/GeekTime";
			};
			name = Release;
		};
		207656F520C182A800F6CCD7 /* Debug */ = {
			isa = XCBuildConfiguration;
			buildSettings = {
				CODE_SIGN_STYLE = Automatic;
				INFOPLIST_FILE = GeekTimeUITests/Info.plist;
				LD_RUNPATH_SEARCH_PATHS = "$(inherited) @executable_path/Frameworks @loader_path/Frameworks";
				PRODUCT_BUNDLE_IDENTIFIER = com.ljkj.GeekTimeUITests;
				PRODUCT_NAME = "$(TARGET_NAME)";
				TARGETED_DEVICE_FAMILY = "1,2";
				TEST_TARGET_NAME = GeekTime;
			};
			name = Debug;
		};
		207656F620C182A800F6CCD7 /* Release */ = {
			isa = XCBuildConfiguration;
			buildSettings = {
				CODE_SIGN_STYLE = Automatic;
				INFOPLIST_FILE = GeekTimeUITests/Info.plist;
				LD_RUNPATH_SEARCH_PATHS = "$(inherited) @executable_path/Frameworks @loader_path/Frameworks";
				PRODUCT_BUNDLE_IDENTIFIER = com.ljkj.GeekTimeUITests;
				PRODUCT_NAME = "$(TARGET_NAME)";
				TARGETED_DEVICE_FAMILY = "1,2";
				TEST_TARGET_NAME = GeekTime;
			};
			name = Release;
		};
/* End XCBuildConfiguration section */

/* Begin XCConfigurationList section */
		207656BD20C182A800F6CCD7 /* Build configuration list for PBXProject "GeekTime" */ = {
			isa = XCConfigurationList;
			buildConfigurations = (
				207656EC20C182A800F6CCD7 /* Debug */,
				207656ED20C182A800F6CCD7 /* Release */,
			);
			defaultConfigurationIsVisible = 0;
			defaultConfigurationName = Release;
		};
		207656EE20C182A800F6CCD7 /* Build configuration list for PBXNativeTarget "GeekTime" */ = {
			isa = XCConfigurationList;
			buildConfigurations = (
				207656EF20C182A800F6CCD7 /* Debug */,
				207656F020C182A800F6CCD7 /* Release */,
			);
			defaultConfigurationIsVisible = 0;
			defaultConfigurationName = Release;
		};
		207656F120C182A800F6CCD7 /* Build configuration list for PBXNativeTarget "GeekTimeTests" */ = {
			isa = XCConfigurationList;
			buildConfigurations = (
				207656F220C182A800F6CCD7 /* Debug */,
				207656F320C182A800F6CCD7 /* Release */,
			);
			defaultConfigurationIsVisible = 0;
			defaultConfigurationName = Release;
		};
		207656F420C182A800F6CCD7 /* Build configuration list for PBXNativeTarget "GeekTimeUITests" */ = {
			isa = XCConfigurationList;
			buildConfigurations = (
				207656F520C182A800F6CCD7 /* Debug */,
				207656F620C182A800F6CCD7 /* Release */,
			);
			defaultConfigurationIsVisible = 0;
			defaultConfigurationName = Release;
		};
/* End XCConfigurationList section */
	};
	rootObject = 207656BA20C182A800F6CCD7 /* Project object */;
}
